
Microsoft Visual Studio Solution File, Format Version 12.00
# Visual Studio Version 17
VisualStudioVersion = 17.2.32630.192
MinimumVisualStudioVersion = 10.0.40219.1
Project("{FAE04EC0-301F-11D3-BF4B-00C04F79EFBC}") = "Calculator", "Calculator\Calculator.csproj", "{FE507731-CE9A-40FF-BBB2-61383EB08610}"
EndProject
Global
	GlobalSection(SolutionConfigurationPlatforms) = preSolution
		Debug|Any CPU = Debug|Any CPU
		Release|Any CPU = Release|Any CPU
	EndGlobalSection
	GlobalSection(ProjectConfigurationPlatforms) = postSolution
		{FE507731-CE9A-40FF-BBB2-61383EB08610}.Debug|Any CPU.ActiveCfg = Debug|Any CPU
		{FE507731-CE9A-40FF-BBB2-61383EB08610}.Debug|Any CPU.Build.0 = Debug|Any CPU
		{FE507731-CE9A-40FF-BBB2-61383EB08610}.Release|Any CPU.ActiveCfg = Release|Any CPU
		{FE507731-CE9A-40FF-BBB2-61383EB08610}.Release|Any CPU.Build.0 = Release|Any CPU
	EndGlobalSection
	GlobalSection(SolutionProperties) = preSolution
		HideSolutionNode = FALSE
	EndGlobalSection
	GlobalSection(ExtensibilityGlobals) = postSolution
		SolutionGuid = {E1310E3D-38D5-4B35-8157-85CB079E707A}
	EndGlobalSection
EndGlobal
